// !$*UTF8*$!
{
	archiveVersion = 1;
	classes = {
	};
	objectVersion = 56;
	objects = {

/* Begin PBXBuildFile section */
		0D083C812C25E9F300F0EB3B /* SquareIcon.swift in Sources */ = {isa = PBXBuildFile; fileRef = 0D083C802C25E9F300F0EB3B /* SquareIcon.swift */; };
		0D083C832C25EAD300F0EB3B /* ListRowWithIconEntry.swift in Sources */ = {isa = PBXBuildFile; fileRef = 0D083C822C25EAD300F0EB3B /* ListRowWithIconEntry.swift */; platformFilter = ios; };
		0D083C962C264E8300F0EB3B /* AlertToast in Frameworks */ = {isa = PBXBuildFile; platformFilter = ios; productRef = 0D083C952C264E8300F0EB3B /* AlertToast */; };
		0D083C982C264E9800F0EB3B /* ToastProvider.swift in Sources */ = {isa = PBXBuildFile; fileRef = 0D083C972C264E9800F0EB3B /* ToastProvider.swift */; platformFilter = ios; };
		0D083C9A2C26595400F0EB3B /* Dates.swift in Sources */ = {isa = PBXBuildFile; fileRef = 0D083C992C26595400F0EB3B /* Dates.swift */; };
		0D083C9F2C26639800F0EB3B /* ReaderView.swift in Sources */ = {isa = PBXBuildFile; fileRef = 0D083C9E2C26639800F0EB3B /* ReaderView.swift */; platformFilter = ios; };
		0D083CA12C2663B200F0EB3B /* ReaderViewModel.swift in Sources */ = {isa = PBXBuildFile; fileRef = 0D083CA02C2663B200F0EB3B /* ReaderViewModel.swift */; };
		0D083CA32C26642D00F0EB3B /* ReaderResponse.swift in Sources */ = {isa = PBXBuildFile; fileRef = 0D083CA22C26642D00F0EB3B /* ReaderResponse.swift */; };
		0D083CA82C26804100F0EB3B /* RichText in Frameworks */ = {isa = PBXBuildFile; platformFilter = ios; productRef = 0D083CA72C26804100F0EB3B /* RichText */; };
		0D083CAD2C27291800F0EB3B /* PdfViewerViewModel.swift in Sources */ = {isa = PBXBuildFile; fileRef = 0D083CAC2C27291800F0EB3B /* PdfViewerViewModel.swift */; };
		0D083CB02C272A1300F0EB3B /* PdfViewerView.swift in Sources */ = {isa = PBXBuildFile; fileRef = 0D083CAF2C272A1300F0EB3B /* PdfViewerView.swift */; platformFilter = ios; };
		0D083CB22C27366700F0EB3B /* PdfViewer.swift in Sources */ = {isa = PBXBuildFile; fileRef = 0D083CB12C27366700F0EB3B /* PdfViewer.swift */; platformFilter = ios; };
		0D083CB42C27368C00F0EB3B /* DocumentPicker.swift in Sources */ = {isa = PBXBuildFile; fileRef = 0D083CB32C27368C00F0EB3B /* DocumentPicker.swift */; platformFilter = ios; };
		0D083CB92C27588700F0EB3B /* ImageViewerView.swift in Sources */ = {isa = PBXBuildFile; fileRef = 0D083CB82C27588700F0EB3B /* ImageViewerView.swift */; platformFilter = ios; };
		0D083CBB2C2758A900F0EB3B /* ImageViewerViewModel.swift in Sources */ = {isa = PBXBuildFile; fileRef = 0D083CBA2C2758A900F0EB3B /* ImageViewerViewModel.swift */; platformFilter = ios; };
		0D083CBF2C27648700F0EB3B /* ImageViewer.swift in Sources */ = {isa = PBXBuildFile; fileRef = 0D083CBE2C27648700F0EB3B /* ImageViewer.swift */; platformFilter = ios; };
		0D083CC12C2A31BA00F0EB3B /* PDFDocumentExtension.swift in Sources */ = {isa = PBXBuildFile; fileRef = 0D083CC02C2A31BA00F0EB3B /* PDFDocumentExtension.swift */; };
		0D083CC52C2DEEBB00F0EB3B /* TokenInstructions.swift in Sources */ = {isa = PBXBuildFile; fileRef = 0D083CC42C2DEEBB00F0EB3B /* TokenInstructions.swift */; platformFilter = ios; };
		0D55C4E72C219E13002CE99A /* MyLinksApp.swift in Sources */ = {isa = PBXBuildFile; fileRef = 0D55C4E62C219E13002CE99A /* MyLinksApp.swift */; };
		0D55C4E92C219E13002CE99A /* Persistence.swift in Sources */ = {isa = PBXBuildFile; fileRef = 0D55C4E82C219E13002CE99A /* Persistence.swift */; };
		0D55C4EC2C219E13002CE99A /* MyLinks.xcdatamodeld in Sources */ = {isa = PBXBuildFile; fileRef = 0D55C4EA2C219E13002CE99A /* MyLinks.xcdatamodeld */; };
		0D55C4EE2C219E13002CE99A /* RootView.swift in Sources */ = {isa = PBXBuildFile; fileRef = 0D55C4ED2C219E13002CE99A /* RootView.swift */; platformFilter = ios; };
		0D55C4F02C219E14002CE99A /* Assets.xcassets in Resources */ = {isa = PBXBuildFile; fileRef = 0D55C4EF2C219E14002CE99A /* Assets.xcassets */; };
		0D55C4F42C219E14002CE99A /* Preview Assets.xcassets in Resources */ = {isa = PBXBuildFile; fileRef = 0D55C4F32C219E14002CE99A /* Preview Assets.xcassets */; };
		0D55C4FF2C219F38002CE99A /* Config.swift in Sources */ = {isa = PBXBuildFile; fileRef = 0D55C4FE2C219F38002CE99A /* Config.swift */; };
		0D55C5022C21A053002CE99A /* DashboardView.swift in Sources */ = {isa = PBXBuildFile; fileRef = 0D55C5012C21A053002CE99A /* DashboardView.swift */; platformFilter = ios; };
		0D55C5052C21A094002CE99A /* SettingsView.swift in Sources */ = {isa = PBXBuildFile; fileRef = 0D55C5042C21A094002CE99A /* SettingsView.swift */; platformFilter = ios; };
		0D55C5072C21AC0C002CE99A /* ApiClient.swift in Sources */ = {isa = PBXBuildFile; fileRef = 0D55C5062C21AC0C002CE99A /* ApiClient.swift */; };
		0D55C50A2C21ACAB002CE99A /* Links.swift in Sources */ = {isa = PBXBuildFile; fileRef = 0D55C5092C21ACAB002CE99A /* Links.swift */; };
		0D55C50C2C21AD86002CE99A /* StatusResponse.swift in Sources */ = {isa = PBXBuildFile; fileRef = 0D55C50B2C21AD86002CE99A /* StatusResponse.swift */; };
		0D55C50F2C21AE31002CE99A /* OnboardingView.swift in Sources */ = {isa = PBXBuildFile; fileRef = 0D55C50E2C21AE31002CE99A /* OnboardingView.swift */; platformFilter = ios; };
		0D55C5142C21B420002CE99A /* Welcome.swift in Sources */ = {isa = PBXBuildFile; fileRef = 0D55C5132C21B420002CE99A /* Welcome.swift */; platformFilter = ios; };
		0D55C5162C21B45F002CE99A /* ServerSelection.swift in Sources */ = {isa = PBXBuildFile; fileRef = 0D55C5152C21B45F002CE99A /* ServerSelection.swift */; platformFilter = ios; };
		0D55C5182C21B472002CE99A /* ConnectionForm.swift in Sources */ = {isa = PBXBuildFile; fileRef = 0D55C5172C21B472002CE99A /* ConnectionForm.swift */; platformFilter = ios; };
		0D55C51A2C21B689002CE99A /* OnboardingViewModel.swift in Sources */ = {isa = PBXBuildFile; fileRef = 0D55C5192C21B689002CE99A /* OnboardingViewModel.swift */; };
		0D55C51C2C21BBE9002CE99A /* Enums.swift in Sources */ = {isa = PBXBuildFile; fileRef = 0D55C51B2C21BBE9002CE99A /* Enums.swift */; };
		0D55C51E2C21E6DC002CE99A /* Regexps.swift in Sources */ = {isa = PBXBuildFile; fileRef = 0D55C51D2C21E6DC002CE99A /* Regexps.swift */; };
		0D55C5202C21EABF002CE99A /* ServerUrl.swift in Sources */ = {isa = PBXBuildFile; fileRef = 0D55C51F2C21EABF002CE99A /* ServerUrl.swift */; };
		0D55C5232C21F1CE002CE99A /* ApiClientProvider.swift in Sources */ = {isa = PBXBuildFile; fileRef = 0D55C5222C21F1CE002CE99A /* ApiClientProvider.swift */; };
		0D55C5252C21F8D2002CE99A /* DashboardViewModel.swift in Sources */ = {isa = PBXBuildFile; fileRef = 0D55C5242C21F8D2002CE99A /* DashboardViewModel.swift */; };
		0D55C5272C21FA6E002CE99A /* Collections.swift in Sources */ = {isa = PBXBuildFile; fileRef = 0D55C5262C21FA6E002CE99A /* Collections.swift */; };
		0D55C5292C21FBEA002CE99A /* Tags.swift in Sources */ = {isa = PBXBuildFile; fileRef = 0D55C5282C21FBEA002CE99A /* Tags.swift */; };
		0D55C52B2C22012E002CE99A /* GetUrlHost.swift in Sources */ = {isa = PBXBuildFile; fileRef = 0D55C52A2C22012E002CE99A /* GetUrlHost.swift */; };
		0D55C52D2C220598002CE99A /* Date.swift in Sources */ = {isa = PBXBuildFile; fileRef = 0D55C52C2C220598002CE99A /* Date.swift */; };
		0D55C5352C220A3A002CE99A /* SafariView.swift in Sources */ = {isa = PBXBuildFile; fileRef = 0D55C5342C220A3A002CE99A /* SafariView.swift */; platformFilter = ios; };
		0D55C5382C220E40002CE99A /* UIApplicationExtension.swift in Sources */ = {isa = PBXBuildFile; fileRef = 0D55C5372C220E40002CE99A /* UIApplicationExtension.swift */; platformFilter = ios; };
		0D55C53B2C221106002CE99A /* SettingsViewModel.swift in Sources */ = {isa = PBXBuildFile; fileRef = 0D55C53A2C221106002CE99A /* SettingsViewModel.swift */; };
		0D55C53D2C221130002CE99A /* StorageKeys.swift in Sources */ = {isa = PBXBuildFile; fileRef = 0D55C53C2C221130002CE99A /* StorageKeys.swift */; };
		0D55C53F2C221144002CE99A /* UserDefaultsExtension.swift in Sources */ = {isa = PBXBuildFile; fileRef = 0D55C53E2C221144002CE99A /* UserDefaultsExtension.swift */; };
		0D55C5412C221171002CE99A /* Urls.swift in Sources */ = {isa = PBXBuildFile; fileRef = 0D55C5402C221171002CE99A /* Urls.swift */; };
		0D55C5432C2211FC002CE99A /* ReviewApp.swift in Sources */ = {isa = PBXBuildFile; fileRef = 0D55C5422C2211FC002CE99A /* ReviewApp.swift */; platformFilter = ios; };
		0D55C5452C221215002CE99A /* ColorScheme.swift in Sources */ = {isa = PBXBuildFile; fileRef = 0D55C5442C221215002CE99A /* ColorScheme.swift */; };
		0D55C5472C22140D002CE99A /* ServerInstances.swift in Sources */ = {isa = PBXBuildFile; fileRef = 0D55C5462C22140D002CE99A /* ServerInstances.swift */; };
		0D55C5492C2241DF002CE99A /* CollectionsProvider.swift in Sources */ = {isa = PBXBuildFile; fileRef = 0D55C5482C2241DF002CE99A /* CollectionsProvider.swift */; };
		0D55C54B2C22423C002CE99A /* TagsProvider.swift in Sources */ = {isa = PBXBuildFile; fileRef = 0D55C54A2C22423C002CE99A /* TagsProvider.swift */; };
		0D55C54E2C2248E7002CE99A /* LinkFormView.swift in Sources */ = {isa = PBXBuildFile; fileRef = 0D55C54D2C2248E7002CE99A /* LinkFormView.swift */; platformFilter = ios; };
		0D55C5502C224907002CE99A /* LinkFormViewModel.swift in Sources */ = {isa = PBXBuildFile; fileRef = 0D55C54F2C224907002CE99A /* LinkFormViewModel.swift */; };
		0D55C5522C224F07002CE99A /* TagsPickerView.swift in Sources */ = {isa = PBXBuildFile; fileRef = 0D55C5512C224F07002CE99A /* TagsPickerView.swift */; platformFilter = ios; };
		0D55C5542C225768002CE99A /* LinkCreationRequest.swift in Sources */ = {isa = PBXBuildFile; fileRef = 0D55C5532C225768002CE99A /* LinkCreationRequest.swift */; };
		0D55C5562C225F3F002CE99A /* JsonEncoder.swift in Sources */ = {isa = PBXBuildFile; fileRef = 0D55C5552C225F3F002CE99A /* JsonEncoder.swift */; };
		0D55C5582C22674F002CE99A /* ArrayExtension.swift in Sources */ = {isa = PBXBuildFile; fileRef = 0D55C5572C22674F002CE99A /* ArrayExtension.swift */; };
		0D55C55B2C22FDE6002CE99A /* CollectionFormView.swift in Sources */ = {isa = PBXBuildFile; fileRef = 0D55C55A2C22FDE6002CE99A /* CollectionFormView.swift */; platformFilter = ios; };
		0D55C55D2C22FDFE002CE99A /* CollectionFormViewModel.swift in Sources */ = {isa = PBXBuildFile; fileRef = 0D55C55C2C22FDFE002CE99A /* CollectionFormViewModel.swift */; };
		0D55C55F2C230369002CE99A /* CollectionCreationRequest.swift in Sources */ = {isa = PBXBuildFile; fileRef = 0D55C55E2C230369002CE99A /* CollectionCreationRequest.swift */; };
		0D55C5612C230439002CE99A /* ColorExtension.swift in Sources */ = {isa = PBXBuildFile; fileRef = 0D55C5602C230439002CE99A /* ColorExtension.swift */; };
		0D55C5642C231142002CE99A /* LinksView.swift in Sources */ = {isa = PBXBuildFile; fileRef = 0D55C5632C231142002CE99A /* LinksView.swift */; platformFilter = ios; };
		0D55C5672C231199002CE99A /* LinkItem.swift in Sources */ = {isa = PBXBuildFile; fileRef = 0D55C5662C231199002CE99A /* LinkItem.swift */; platformFilter = ios; };
		0D55C5692C2312E7002CE99A /* LinksViewModel.swift in Sources */ = {isa = PBXBuildFile; fileRef = 0D55C5682C2312E7002CE99A /* LinksViewModel.swift */; };
		0D55C56D2C2314EB002CE99A /* CollectionsView.swift in Sources */ = {isa = PBXBuildFile; fileRef = 0D55C56C2C2314EB002CE99A /* CollectionsView.swift */; platformFilter = ios; };
		0D55C5742C2315F0002CE99A /* CollectionItem.swift in Sources */ = {isa = PBXBuildFile; fileRef = 0D55C5732C2315F0002CE99A /* CollectionItem.swift */; platformFilter = ios; };
		0D55C57A2C236C72002CE99A /* Localizable.xcstrings in Resources */ = {isa = PBXBuildFile; fileRef = 0D55C5792C236C72002CE99A /* Localizable.xcstrings */; };
		0D55C57F2C23904A002CE99A /* CustomAlert in Frameworks */ = {isa = PBXBuildFile; platformFilter = ios; productRef = 0D55C57E2C23904A002CE99A /* CustomAlert */; };
		0D55C5832C23A117002CE99A /* TagsView.swift in Sources */ = {isa = PBXBuildFile; fileRef = 0D55C5822C23A117002CE99A /* TagsView.swift */; platformFilter = ios; };
		0D55C5852C23A1F1002CE99A /* TagItem.swift in Sources */ = {isa = PBXBuildFile; fileRef = 0D55C5842C23A1F1002CE99A /* TagItem.swift */; };
		0D55C5882C23A67A002CE99A /* LinksFilteredView.swift in Sources */ = {isa = PBXBuildFile; fileRef = 0D55C5872C23A67A002CE99A /* LinksFilteredView.swift */; platformFilter = ios; };
		0D55C58A2C23A6C1002CE99A /* LinksFilteredRequest.swift in Sources */ = {isa = PBXBuildFile; fileRef = 0D55C5892C23A6C1002CE99A /* LinksFilteredRequest.swift */; };
		0D55C58C2C23A9CD002CE99A /* LinksFilteredViewModel.swift in Sources */ = {isa = PBXBuildFile; fileRef = 0D55C58B2C23A9CD002CE99A /* LinksFilteredViewModel.swift */; };
		0D55C58E2C23AFF5002CE99A /* LinkManagerProvider.swift in Sources */ = {isa = PBXBuildFile; fileRef = 0D55C58D2C23AFF5002CE99A /* LinkManagerProvider.swift */; };
		0DEA27A22C31E44800F1802F /* RootView.swift in Sources */ = {isa = PBXBuildFile; fileRef = 0DEA27A12C31E44800F1802F /* RootView.swift */; platformFilters = (macos, ); };
		0DEA27AB2C31E53400F1802F /* ConnectionForm.swift in Sources */ = {isa = PBXBuildFile; fileRef = 0DEA27AA2C31E53400F1802F /* ConnectionForm.swift */; platformFilters = (macos, ); };
		0DEA27AE2C31ED7900F1802F /* DashboardView.swift in Sources */ = {isa = PBXBuildFile; fileRef = 0DEA27AD2C31ED7900F1802F /* DashboardView.swift */; platformFilters = (macos, ); };
		0DEA27B02C31EDDA00F1802F /* Sidebar.swift in Sources */ = {isa = PBXBuildFile; fileRef = 0DEA27AF2C31EDDA00F1802F /* Sidebar.swift */; platformFilters = (macos, ); };
		0DEA27B32C31F1FD00F1802F /* LinksFiltered.swift in Sources */ = {isa = PBXBuildFile; fileRef = 0DEA27B22C31F1FD00F1802F /* LinksFiltered.swift */; platformFilters = (macos, ); };
		0DEA27B62C31F21100F1802F /* CollectionsView.swift in Sources */ = {isa = PBXBuildFile; fileRef = 0DEA27B52C31F21100F1802F /* CollectionsView.swift */; platformFilters = (macos, ); };
		0DEA27BA2C31F54700F1802F /* LinkFormView.swift in Sources */ = {isa = PBXBuildFile; fileRef = 0DEA27B92C31F54700F1802F /* LinkFormView.swift */; platformFilters = (macos, ); };
		0DEA27BC2C31F55F00F1802F /* TagsPickerView.swift in Sources */ = {isa = PBXBuildFile; fileRef = 0DEA27BB2C31F55F00F1802F /* TagsPickerView.swift */; platformFilters = (macos, ); };
		0DEA27C02C31F89100F1802F /* CollectionFormView.swift in Sources */ = {isa = PBXBuildFile; fileRef = 0DEA27BF2C31F89100F1802F /* CollectionFormView.swift */; platformFilters = (macos, ); };
		0DEA27C42C320D9A00F1802F /* LinkItem.swift in Sources */ = {isa = PBXBuildFile; fileRef = 0DEA27C32C320D9A00F1802F /* LinkItem.swift */; platformFilters = (macos, ); };
		0DEA27C62C32118B00F1802F /* LinksView.swift in Sources */ = {isa = PBXBuildFile; fileRef = 0DEA27C52C32118B00F1802F /* LinksView.swift */; platformFilters = (macos, ); };
		0DEA27C82C32133800F1802F /* CollectionItem.swift in Sources */ = {isa = PBXBuildFile; fileRef = 0DEA27C72C32133800F1802F /* CollectionItem.swift */; platformFilters = (macos, ); };
		0DEA27CF2C32EA9000F1802F /* SettingsView.swift in Sources */ = {isa = PBXBuildFile; fileRef = 0DEA27CE2C32EA9000F1802F /* SettingsView.swift */; platformFilters = (macos, ); };
		0DEA27D12C32EC8A00F1802F /* ListRowWithIconEntry.swift in Sources */ = {isa = PBXBuildFile; fileRef = 0DEA27D02C32EC8A00F1802F /* ListRowWithIconEntry.swift */; platformFilters = (macos, ); };
		0DEA27D32C32F45400F1802F /* TokenInstructions.swift in Sources */ = {isa = PBXBuildFile; fileRef = 0DEA27D22C32F45400F1802F /* TokenInstructions.swift */; platformFilters = (macos, ); };
		0DEA27D62C32FC7100F1802F /* AppDelegate.swift in Sources */ = {isa = PBXBuildFile; fileRef = 0DEA27D52C32FC7100F1802F /* AppDelegate.swift */; platformFilters = (macos, ); };
		0DEA27D82C32FC8700F1802F /* PopoverView.swift in Sources */ = {isa = PBXBuildFile; fileRef = 0DEA27D72C32FC8700F1802F /* PopoverView.swift */; platformFilters = (macos, ); };
		0DEA27DA2C32FCAC00F1802F /* StatusBarController.swift in Sources */ = {isa = PBXBuildFile; fileRef = 0DEA27D92C32FCAC00F1802F /* StatusBarController.swift */; platformFilters = (macos, ); };
		0DEA27DC2C32FE0000F1802F /* MenuBarFormViewModel.swift in Sources */ = {isa = PBXBuildFile; fileRef = 0DEA27DB2C32FE0000F1802F /* MenuBarFormViewModel.swift */; platformFilters = (macos, ); };
		0DEA27E02C332FA200F1802F /* Info.plist in Resources */ = {isa = PBXBuildFile; fileRef = 0DEA27DF2C332FA200F1802F /* Info.plist */; };
		0DEA27E62C33325900F1802F /* SentrySwiftUI in Frameworks */ = {isa = PBXBuildFile; productRef = 0DEA27E52C33325900F1802F /* SentrySwiftUI */; };
		0DEA27E82C33360C00F1802F /* WindowIds.swift in Sources */ = {isa = PBXBuildFile; fileRef = 0DEA27E72C33360C00F1802F /* WindowIds.swift */; };
/* End PBXBuildFile section */

/* Begin PBXFileReference section */
		0D083C802C25E9F300F0EB3B /* SquareIcon.swift */ = {isa = PBXFileReference; lastKnownFileType = sourcecode.swift; path = SquareIcon.swift; sourceTree = "<group>"; };
		0D083C822C25EAD300F0EB3B /* ListRowWithIconEntry.swift */ = {isa = PBXFileReference; lastKnownFileType = sourcecode.swift; path = ListRowWithIconEntry.swift; sourceTree = "<group>"; };
		0D083C972C264E9800F0EB3B /* ToastProvider.swift */ = {isa = PBXFileReference; lastKnownFileType = sourcecode.swift; path = ToastProvider.swift; sourceTree = "<group>"; };
		0D083C992C26595400F0EB3B /* Dates.swift */ = {isa = PBXFileReference; lastKnownFileType = sourcecode.swift; path = Dates.swift; sourceTree = "<group>"; };
		0D083C9E2C26639800F0EB3B /* ReaderView.swift */ = {isa = PBXFileReference; lastKnownFileType = sourcecode.swift; path = ReaderView.swift; sourceTree = "<group>"; };
		0D083CA02C2663B200F0EB3B /* ReaderViewModel.swift */ = {isa = PBXFileReference; lastKnownFileType = sourcecode.swift; path = ReaderViewModel.swift; sourceTree = "<group>"; };
		0D083CA22C26642D00F0EB3B /* ReaderResponse.swift */ = {isa = PBXFileReference; lastKnownFileType = sourcecode.swift; path = ReaderResponse.swift; sourceTree = "<group>"; };
		0D083CAC2C27291800F0EB3B /* PdfViewerViewModel.swift */ = {isa = PBXFileReference; lastKnownFileType = sourcecode.swift; path = PdfViewerViewModel.swift; sourceTree = "<group>"; };
		0D083CAF2C272A1300F0EB3B /* PdfViewerView.swift */ = {isa = PBXFileReference; lastKnownFileType = sourcecode.swift; path = PdfViewerView.swift; sourceTree = "<group>"; };
		0D083CB12C27366700F0EB3B /* PdfViewer.swift */ = {isa = PBXFileReference; lastKnownFileType = sourcecode.swift; path = PdfViewer.swift; sourceTree = "<group>"; };
		0D083CB32C27368C00F0EB3B /* DocumentPicker.swift */ = {isa = PBXFileReference; lastKnownFileType = sourcecode.swift; path = DocumentPicker.swift; sourceTree = "<group>"; };
		0D083CB82C27588700F0EB3B /* ImageViewerView.swift */ = {isa = PBXFileReference; lastKnownFileType = sourcecode.swift; path = ImageViewerView.swift; sourceTree = "<group>"; };
		0D083CBA2C2758A900F0EB3B /* ImageViewerViewModel.swift */ = {isa = PBXFileReference; lastKnownFileType = sourcecode.swift; path = ImageViewerViewModel.swift; sourceTree = "<group>"; };
		0D083CBE2C27648700F0EB3B /* ImageViewer.swift */ = {isa = PBXFileReference; lastKnownFileType = sourcecode.swift; path = ImageViewer.swift; sourceTree = "<group>"; };
		0D083CC02C2A31BA00F0EB3B /* PDFDocumentExtension.swift */ = {isa = PBXFileReference; lastKnownFileType = sourcecode.swift; path = PDFDocumentExtension.swift; sourceTree = "<group>"; };
		0D083CC42C2DEEBB00F0EB3B /* TokenInstructions.swift */ = {isa = PBXFileReference; lastKnownFileType = sourcecode.swift; path = TokenInstructions.swift; sourceTree = "<group>"; };
		0D55C4E32C219E13002CE99A /* MyLinks.app */ = {isa = PBXFileReference; explicitFileType = wrapper.application; includeInIndex = 0; path = MyLinks.app; sourceTree = BUILT_PRODUCTS_DIR; };
		0D55C4E62C219E13002CE99A /* MyLinksApp.swift */ = {isa = PBXFileReference; lastKnownFileType = sourcecode.swift; path = MyLinksApp.swift; sourceTree = "<group>"; };
		0D55C4E82C219E13002CE99A /* Persistence.swift */ = {isa = PBXFileReference; lastKnownFileType = sourcecode.swift; path = Persistence.swift; sourceTree = "<group>"; };
		0D55C4EB2C219E13002CE99A /* MyLinks.xcdatamodel */ = {isa = PBXFileReference; lastKnownFileType = wrapper.xcdatamodel; path = MyLinks.xcdatamodel; sourceTree = "<group>"; };
		0D55C4ED2C219E13002CE99A /* RootView.swift */ = {isa = PBXFileReference; lastKnownFileType = sourcecode.swift; path = RootView.swift; sourceTree = "<group>"; };
		0D55C4EF2C219E14002CE99A /* Assets.xcassets */ = {isa = PBXFileReference; lastKnownFileType = folder.assetcatalog; path = Assets.xcassets; sourceTree = "<group>"; };
		0D55C4F12C219E14002CE99A /* MyLinks.entitlements */ = {isa = PBXFileReference; lastKnownFileType = text.plist.entitlements; path = MyLinks.entitlements; sourceTree = "<group>"; };
		0D55C4F32C219E14002CE99A /* Preview Assets.xcassets */ = {isa = PBXFileReference; lastKnownFileType = folder.assetcatalog; path = "Preview Assets.xcassets"; sourceTree = "<group>"; };
		0D55C4FE2C219F38002CE99A /* Config.swift */ = {isa = PBXFileReference; lastKnownFileType = sourcecode.swift; path = Config.swift; sourceTree = "<group>"; };
		0D55C5012C21A053002CE99A /* DashboardView.swift */ = {isa = PBXFileReference; lastKnownFileType = sourcecode.swift; path = DashboardView.swift; sourceTree = "<group>"; };
		0D55C5042C21A094002CE99A /* SettingsView.swift */ = {isa = PBXFileReference; lastKnownFileType = sourcecode.swift; path = SettingsView.swift; sourceTree = "<group>"; };
		0D55C5062C21AC0C002CE99A /* ApiClient.swift */ = {isa = PBXFileReference; lastKnownFileType = sourcecode.swift; path = ApiClient.swift; sourceTree = "<group>"; };
		0D55C5092C21ACAB002CE99A /* Links.swift */ = {isa = PBXFileReference; lastKnownFileType = sourcecode.swift; path = Links.swift; sourceTree = "<group>"; };
		0D55C50B2C21AD86002CE99A /* StatusResponse.swift */ = {isa = PBXFileReference; lastKnownFileType = sourcecode.swift; path = StatusResponse.swift; sourceTree = "<group>"; };
		0D55C50E2C21AE31002CE99A /* OnboardingView.swift */ = {isa = PBXFileReference; lastKnownFileType = sourcecode.swift; path = OnboardingView.swift; sourceTree = "<group>"; };
		0D55C5132C21B420002CE99A /* Welcome.swift */ = {isa = PBXFileReference; lastKnownFileType = sourcecode.swift; path = Welcome.swift; sourceTree = "<group>"; };
		0D55C5152C21B45F002CE99A /* ServerSelection.swift */ = {isa = PBXFileReference; lastKnownFileType = sourcecode.swift; path = ServerSelection.swift; sourceTree = "<group>"; };
		0D55C5172C21B472002CE99A /* ConnectionForm.swift */ = {isa = PBXFileReference; lastKnownFileType = sourcecode.swift; path = ConnectionForm.swift; sourceTree = "<group>"; };
		0D55C5192C21B689002CE99A /* OnboardingViewModel.swift */ = {isa = PBXFileReference; lastKnownFileType = sourcecode.swift; path = OnboardingViewModel.swift; sourceTree = "<group>"; };
		0D55C51B2C21BBE9002CE99A /* Enums.swift */ = {isa = PBXFileReference; lastKnownFileType = sourcecode.swift; path = Enums.swift; sourceTree = "<group>"; };
		0D55C51D2C21E6DC002CE99A /* Regexps.swift */ = {isa = PBXFileReference; lastKnownFileType = sourcecode.swift; path = Regexps.swift; sourceTree = "<group>"; };
		0D55C51F2C21EABF002CE99A /* ServerUrl.swift */ = {isa = PBXFileReference; lastKnownFileType = sourcecode.swift; path = ServerUrl.swift; sourceTree = "<group>"; };
		0D55C5222C21F1CE002CE99A /* ApiClientProvider.swift */ = {isa = PBXFileReference; lastKnownFileType = sourcecode.swift; path = ApiClientProvider.swift; sourceTree = "<group>"; };
		0D55C5242C21F8D2002CE99A /* DashboardViewModel.swift */ = {isa = PBXFileReference; lastKnownFileType = sourcecode.swift; path = DashboardViewModel.swift; sourceTree = "<group>"; };
		0D55C5262C21FA6E002CE99A /* Collections.swift */ = {isa = PBXFileReference; lastKnownFileType = sourcecode.swift; path = Collections.swift; sourceTree = "<group>"; };
		0D55C5282C21FBEA002CE99A /* Tags.swift */ = {isa = PBXFileReference; lastKnownFileType = sourcecode.swift; path = Tags.swift; sourceTree = "<group>"; };
		0D55C52A2C22012E002CE99A /* GetUrlHost.swift */ = {isa = PBXFileReference; lastKnownFileType = sourcecode.swift; path = GetUrlHost.swift; sourceTree = "<group>"; };
		0D55C52C2C220598002CE99A /* Date.swift */ = {isa = PBXFileReference; lastKnownFileType = sourcecode.swift; path = Date.swift; sourceTree = "<group>"; };
		0D55C5342C220A3A002CE99A /* SafariView.swift */ = {isa = PBXFileReference; lastKnownFileType = sourcecode.swift; path = SafariView.swift; sourceTree = "<group>"; };
		0D55C5372C220E40002CE99A /* UIApplicationExtension.swift */ = {isa = PBXFileReference; lastKnownFileType = sourcecode.swift; path = UIApplicationExtension.swift; sourceTree = "<group>"; };
		0D55C53A2C221106002CE99A /* SettingsViewModel.swift */ = {isa = PBXFileReference; lastKnownFileType = sourcecode.swift; path = SettingsViewModel.swift; sourceTree = "<group>"; };
		0D55C53C2C221130002CE99A /* StorageKeys.swift */ = {isa = PBXFileReference; lastKnownFileType = sourcecode.swift; path = StorageKeys.swift; sourceTree = "<group>"; };
		0D55C53E2C221144002CE99A /* UserDefaultsExtension.swift */ = {isa = PBXFileReference; lastKnownFileType = sourcecode.swift; path = UserDefaultsExtension.swift; sourceTree = "<group>"; };
		0D55C5402C221171002CE99A /* Urls.swift */ = {isa = PBXFileReference; lastKnownFileType = sourcecode.swift; path = Urls.swift; sourceTree = "<group>"; };
		0D55C5422C2211FC002CE99A /* ReviewApp.swift */ = {isa = PBXFileReference; lastKnownFileType = sourcecode.swift; path = ReviewApp.swift; sourceTree = "<group>"; };
		0D55C5442C221215002CE99A /* ColorScheme.swift */ = {isa = PBXFileReference; lastKnownFileType = sourcecode.swift; path = ColorScheme.swift; sourceTree = "<group>"; };
		0D55C5462C22140D002CE99A /* ServerInstances.swift */ = {isa = PBXFileReference; lastKnownFileType = sourcecode.swift; path = ServerInstances.swift; sourceTree = "<group>"; };
		0D55C5482C2241DF002CE99A /* CollectionsProvider.swift */ = {isa = PBXFileReference; lastKnownFileType = sourcecode.swift; path = CollectionsProvider.swift; sourceTree = "<group>"; };
		0D55C54A2C22423C002CE99A /* TagsProvider.swift */ = {isa = PBXFileReference; lastKnownFileType = sourcecode.swift; path = TagsProvider.swift; sourceTree = "<group>"; };
		0D55C54D2C2248E7002CE99A /* LinkFormView.swift */ = {isa = PBXFileReference; lastKnownFileType = sourcecode.swift; path = LinkFormView.swift; sourceTree = "<group>"; };
		0D55C54F2C224907002CE99A /* LinkFormViewModel.swift */ = {isa = PBXFileReference; lastKnownFileType = sourcecode.swift; path = LinkFormViewModel.swift; sourceTree = "<group>"; };
		0D55C5512C224F07002CE99A /* TagsPickerView.swift */ = {isa = PBXFileReference; lastKnownFileType = sourcecode.swift; path = TagsPickerView.swift; sourceTree = "<group>"; };
		0D55C5532C225768002CE99A /* LinkCreationRequest.swift */ = {isa = PBXFileReference; lastKnownFileType = sourcecode.swift; path = LinkCreationRequest.swift; sourceTree = "<group>"; };
		0D55C5552C225F3F002CE99A /* JsonEncoder.swift */ = {isa = PBXFileReference; lastKnownFileType = sourcecode.swift; path = JsonEncoder.swift; sourceTree = "<group>"; };
		0D55C5572C22674F002CE99A /* ArrayExtension.swift */ = {isa = PBXFileReference; lastKnownFileType = sourcecode.swift; path = ArrayExtension.swift; sourceTree = "<group>"; };
		0D55C55A2C22FDE6002CE99A /* CollectionFormView.swift */ = {isa = PBXFileReference; lastKnownFileType = sourcecode.swift; path = CollectionFormView.swift; sourceTree = "<group>"; };
		0D55C55C2C22FDFE002CE99A /* CollectionFormViewModel.swift */ = {isa = PBXFileReference; lastKnownFileType = sourcecode.swift; path = CollectionFormViewModel.swift; sourceTree = "<group>"; };
		0D55C55E2C230369002CE99A /* CollectionCreationRequest.swift */ = {isa = PBXFileReference; lastKnownFileType = sourcecode.swift; path = CollectionCreationRequest.swift; sourceTree = "<group>"; };
		0D55C5602C230439002CE99A /* ColorExtension.swift */ = {isa = PBXFileReference; lastKnownFileType = sourcecode.swift; path = ColorExtension.swift; sourceTree = "<group>"; };
		0D55C5632C231142002CE99A /* LinksView.swift */ = {isa = PBXFileReference; lastKnownFileType = sourcecode.swift; path = LinksView.swift; sourceTree = "<group>"; };
		0D55C5662C231199002CE99A /* LinkItem.swift */ = {isa = PBXFileReference; lastKnownFileType = sourcecode.swift; path = LinkItem.swift; sourceTree = "<group>"; };
		0D55C5682C2312E7002CE99A /* LinksViewModel.swift */ = {isa = PBXFileReference; lastKnownFileType = sourcecode.swift; path = LinksViewModel.swift; sourceTree = "<group>"; };
		0D55C56C2C2314EB002CE99A /* CollectionsView.swift */ = {isa = PBXFileReference; lastKnownFileType = sourcecode.swift; path = CollectionsView.swift; sourceTree = "<group>"; };
		0D55C5732C2315F0002CE99A /* CollectionItem.swift */ = {isa = PBXFileReference; lastKnownFileType = sourcecode.swift; path = CollectionItem.swift; sourceTree = "<group>"; };
		0D55C5752C23366A002CE99A /* PrivacyInfo.xcprivacy */ = {isa = PBXFileReference; lastKnownFileType = text.xml; path = PrivacyInfo.xcprivacy; sourceTree = "<group>"; };
		0D55C5792C236C72002CE99A /* Localizable.xcstrings */ = {isa = PBXFileReference; lastKnownFileType = text.json.xcstrings; path = Localizable.xcstrings; sourceTree = "<group>"; };
		0D55C5822C23A117002CE99A /* TagsView.swift */ = {isa = PBXFileReference; lastKnownFileType = sourcecode.swift; path = TagsView.swift; sourceTree = "<group>"; };
		0D55C5842C23A1F1002CE99A /* TagItem.swift */ = {isa = PBXFileReference; lastKnownFileType = sourcecode.swift; path = TagItem.swift; sourceTree = "<group>"; };
		0D55C5872C23A67A002CE99A /* LinksFilteredView.swift */ = {isa = PBXFileReference; lastKnownFileType = sourcecode.swift; path = LinksFilteredView.swift; sourceTree = "<group>"; };
		0D55C5892C23A6C1002CE99A /* LinksFilteredRequest.swift */ = {isa = PBXFileReference; lastKnownFileType = sourcecode.swift; path = LinksFilteredRequest.swift; sourceTree = "<group>"; };
		0D55C58B2C23A9CD002CE99A /* LinksFilteredViewModel.swift */ = {isa = PBXFileReference; lastKnownFileType = sourcecode.swift; path = LinksFilteredViewModel.swift; sourceTree = "<group>"; };
		0D55C58D2C23AFF5002CE99A /* LinkManagerProvider.swift */ = {isa = PBXFileReference; lastKnownFileType = sourcecode.swift; path = LinkManagerProvider.swift; sourceTree = "<group>"; };
		0DEA27A12C31E44800F1802F /* RootView.swift */ = {isa = PBXFileReference; lastKnownFileType = sourcecode.swift; path = RootView.swift; sourceTree = "<group>"; };
		0DEA27AA2C31E53400F1802F /* ConnectionForm.swift */ = {isa = PBXFileReference; lastKnownFileType = sourcecode.swift; path = ConnectionForm.swift; sourceTree = "<group>"; };
		0DEA27AD2C31ED7900F1802F /* DashboardView.swift */ = {isa = PBXFileReference; lastKnownFileType = sourcecode.swift; path = DashboardView.swift; sourceTree = "<group>"; };
		0DEA27AF2C31EDDA00F1802F /* Sidebar.swift */ = {isa = PBXFileReference; lastKnownFileType = sourcecode.swift; path = Sidebar.swift; sourceTree = "<group>"; };
		0DEA27B22C31F1FD00F1802F /* LinksFiltered.swift */ = {isa = PBXFileReference; lastKnownFileType = sourcecode.swift; path = LinksFiltered.swift; sourceTree = "<group>"; };
		0DEA27B52C31F21100F1802F /* CollectionsView.swift */ = {isa = PBXFileReference; lastKnownFileType = sourcecode.swift; path = CollectionsView.swift; sourceTree = "<group>"; };
		0DEA27B92C31F54700F1802F /* LinkFormView.swift */ = {isa = PBXFileReference; lastKnownFileType = sourcecode.swift; path = LinkFormView.swift; sourceTree = "<group>"; };
		0DEA27BB2C31F55F00F1802F /* TagsPickerView.swift */ = {isa = PBXFileReference; lastKnownFileType = sourcecode.swift; path = TagsPickerView.swift; sourceTree = "<group>"; };
		0DEA27BF2C31F89100F1802F /* CollectionFormView.swift */ = {isa = PBXFileReference; lastKnownFileType = sourcecode.swift; path = CollectionFormView.swift; sourceTree = "<group>"; };
		0DEA27C32C320D9A00F1802F /* LinkItem.swift */ = {isa = PBXFileReference; lastKnownFileType = sourcecode.swift; path = LinkItem.swift; sourceTree = "<group>"; };
		0DEA27C52C32118B00F1802F /* LinksView.swift */ = {isa = PBXFileReference; lastKnownFileType = sourcecode.swift; path = LinksView.swift; sourceTree = "<group>"; };
		0DEA27C72C32133800F1802F /* CollectionItem.swift */ = {isa = PBXFileReference; lastKnownFileType = sourcecode.swift; path = CollectionItem.swift; sourceTree = "<group>"; };
		0DEA27CE2C32EA9000F1802F /* SettingsView.swift */ = {isa = PBXFileReference; lastKnownFileType = sourcecode.swift; path = SettingsView.swift; sourceTree = "<group>"; };
		0DEA27D02C32EC8A00F1802F /* ListRowWithIconEntry.swift */ = {isa = PBXFileReference; lastKnownFileType = sourcecode.swift; path = ListRowWithIconEntry.swift; sourceTree = "<group>"; };
		0DEA27D22C32F45400F1802F /* TokenInstructions.swift */ = {isa = PBXFileReference; lastKnownFileType = sourcecode.swift; path = TokenInstructions.swift; sourceTree = "<group>"; };
		0DEA27D52C32FC7100F1802F /* AppDelegate.swift */ = {isa = PBXFileReference; lastKnownFileType = sourcecode.swift; path = AppDelegate.swift; sourceTree = "<group>"; };
		0DEA27D72C32FC8700F1802F /* PopoverView.swift */ = {isa = PBXFileReference; lastKnownFileType = sourcecode.swift; path = PopoverView.swift; sourceTree = "<group>"; };
		0DEA27D92C32FCAC00F1802F /* StatusBarController.swift */ = {isa = PBXFileReference; lastKnownFileType = sourcecode.swift; path = StatusBarController.swift; sourceTree = "<group>"; };
		0DEA27DB2C32FE0000F1802F /* MenuBarFormViewModel.swift */ = {isa = PBXFileReference; lastKnownFileType = sourcecode.swift; path = MenuBarFormViewModel.swift; sourceTree = "<group>"; };
		0DEA27DF2C332FA200F1802F /* Info.plist */ = {isa = PBXFileReference; lastKnownFileType = text.plist.xml; path = Info.plist; sourceTree = "<group>"; };
		0DEA27E72C33360C00F1802F /* WindowIds.swift */ = {isa = PBXFileReference; lastKnownFileType = sourcecode.swift; path = WindowIds.swift; sourceTree = "<group>"; };
/* End PBXFileReference section */

/* Begin PBXFrameworksBuildPhase section */
		0D55C4E02C219E13002CE99A /* Frameworks */ = {
			isa = PBXFrameworksBuildPhase;
			buildActionMask = 2147483647;
			files = (
				0D083C962C264E8300F0EB3B /* AlertToast in Frameworks */,
				0DEA27E62C33325900F1802F /* SentrySwiftUI in Frameworks */,
				0D55C57F2C23904A002CE99A /* CustomAlert in Frameworks */,
				0D083CA82C26804100F0EB3B /* RichText in Frameworks */,
			);
			runOnlyForDeploymentPostprocessing = 0;
		};
/* End PBXFrameworksBuildPhase section */

/* Begin PBXGroup section */
		0D083CB62C27586400F0EB3B /* ContentViewers */ = {
			isa = PBXGroup;
			children = (
				0D083CAF2C272A1300F0EB3B /* PdfViewerView.swift */,
				0D083C9E2C26639800F0EB3B /* ReaderView.swift */,
				0D083CB82C27588700F0EB3B /* ImageViewerView.swift */,
			);
			path = ContentViewers;
			sourceTree = "<group>";
		};
		0D55C4DA2C219E12002CE99A = {
			isa = PBXGroup;
			children = (
				0D55C4E52C219E13002CE99A /* MyLinks */,
				0D55C4E42C219E13002CE99A /* Products */,
			);
			sourceTree = "<group>";
		};
		0D55C4E42C219E13002CE99A /* Products */ = {
			isa = PBXGroup;
			children = (
				0D55C4E32C219E13002CE99A /* MyLinks.app */,
			);
			name = Products;
			sourceTree = "<group>";
		};
		0D55C4E52C219E13002CE99A /* MyLinks */ = {
			isa = PBXGroup;
			children = (
				0D55C5752C23366A002CE99A /* PrivacyInfo.xcprivacy */,
				0DEA27DF2C332FA200F1802F /* Info.plist */,
				0D55C4F12C219E14002CE99A /* MyLinks.entitlements */,
				0D55C4EF2C219E14002CE99A /* Assets.xcassets */,
				0D55C4EA2C219E13002CE99A /* MyLinks.xcdatamodeld */,
				0D55C5792C236C72002CE99A /* Localizable.xcstrings */,
				0DEA27D42C32FC6500F1802F /* MenuBar */,
				0D55C5362C220E2C002CE99A /* Extensions */,
				0D55C4FD2C219F2F002CE99A /* Constants */,
				0D55C5082C21ACA0002CE99A /* Models */,
				0D55C4FC2C219E6B002CE99A /* Services */,
				0D55C5212C21F1B8002CE99A /* Providers */,
				0D55C4FB2C219E60002CE99A /* Utils */,
				0D55C5652C231184002CE99A /* Components */,
				0D55C5102C21AECC002CE99A /* ViewModels */,
				0D55C4FA2C219E3E002CE99A /* Views */,
				0D55C4E62C219E13002CE99A /* MyLinksApp.swift */,
				0D55C4F22C219E14002CE99A /* Preview Content */,
			);
			path = MyLinks;
			sourceTree = "<group>";
		};
		0D55C4F22C219E14002CE99A /* Preview Content */ = {
			isa = PBXGroup;
			children = (
				0D55C4F32C219E14002CE99A /* Preview Assets.xcassets */,
			);
			path = "Preview Content";
			sourceTree = "<group>";
		};
		0D55C4FA2C219E3E002CE99A /* Views */ = {
			isa = PBXGroup;
			children = (
				0DEA27A02C31E41900F1802F /* macOS */,
				0DEA279F2C31E3FD00F1802F /* iOS */,
			);
			path = Views;
			sourceTree = "<group>";
		};
		0D55C4FB2C219E60002CE99A /* Utils */ = {
			isa = PBXGroup;
			children = (
				0D55C51F2C21EABF002CE99A /* ServerUrl.swift */,
				0D55C52A2C22012E002CE99A /* GetUrlHost.swift */,
				0D55C52C2C220598002CE99A /* Date.swift */,
				0D55C5342C220A3A002CE99A /* SafariView.swift */,
				0D55C5422C2211FC002CE99A /* ReviewApp.swift */,
				0D55C5442C221215002CE99A /* ColorScheme.swift */,
				0D55C5462C22140D002CE99A /* ServerInstances.swift */,
				0D55C5552C225F3F002CE99A /* JsonEncoder.swift */,
				0D083C992C26595400F0EB3B /* Dates.swift */,
			);
			path = Utils;
			sourceTree = "<group>";
		};
		0D55C4FC2C219E6B002CE99A /* Services */ = {
			isa = PBXGroup;
			children = (
				0D55C4E82C219E13002CE99A /* Persistence.swift */,
				0D55C5062C21AC0C002CE99A /* ApiClient.swift */,
			);
			path = Services;
			sourceTree = "<group>";
		};
		0D55C4FD2C219F2F002CE99A /* Constants */ = {
			isa = PBXGroup;
			children = (
				0D55C4FE2C219F38002CE99A /* Config.swift */,
				0D55C51B2C21BBE9002CE99A /* Enums.swift */,
				0D55C51D2C21E6DC002CE99A /* Regexps.swift */,
				0D55C53C2C221130002CE99A /* StorageKeys.swift */,
				0D55C5402C221171002CE99A /* Urls.swift */,
				0DEA27E72C33360C00F1802F /* WindowIds.swift */,
			);
			path = Constants;
			sourceTree = "<group>";
		};
		0D55C5002C21A03F002CE99A /* Dashboard */ = {
			isa = PBXGroup;
			children = (
				0D55C5012C21A053002CE99A /* DashboardView.swift */,
			);
			path = Dashboard;
			sourceTree = "<group>";
		};
		0D55C5032C21A08C002CE99A /* Settings */ = {
			isa = PBXGroup;
			children = (
				0D55C5042C21A094002CE99A /* SettingsView.swift */,
			);
			path = Settings;
			sourceTree = "<group>";
		};
		0D55C5082C21ACA0002CE99A /* Models */ = {
			isa = PBXGroup;
			children = (
				0D55C5092C21ACAB002CE99A /* Links.swift */,
				0D55C50B2C21AD86002CE99A /* StatusResponse.swift */,
				0D55C5262C21FA6E002CE99A /* Collections.swift */,
				0D55C5282C21FBEA002CE99A /* Tags.swift */,
				0D55C5532C225768002CE99A /* LinkCreationRequest.swift */,
				0D55C55E2C230369002CE99A /* CollectionCreationRequest.swift */,
				0D55C5892C23A6C1002CE99A /* LinksFilteredRequest.swift */,
				0D083CA22C26642D00F0EB3B /* ReaderResponse.swift */,
			);
			path = Models;
			sourceTree = "<group>";
		};
		0D55C50D2C21AE20002CE99A /* Onboarding */ = {
			isa = PBXGroup;
			children = (
				0D55C50E2C21AE31002CE99A /* OnboardingView.swift */,
				0D55C5132C21B420002CE99A /* Welcome.swift */,
				0D55C5152C21B45F002CE99A /* ServerSelection.swift */,
				0D55C5172C21B472002CE99A /* ConnectionForm.swift */,
				0D083CC42C2DEEBB00F0EB3B /* TokenInstructions.swift */,
			);
			path = Onboarding;
			sourceTree = "<group>";
		};
		0D55C5102C21AECC002CE99A /* ViewModels */ = {
			isa = PBXGroup;
			children = (
				0D55C5192C21B689002CE99A /* OnboardingViewModel.swift */,
				0D55C5242C21F8D2002CE99A /* DashboardViewModel.swift */,
				0D55C53A2C221106002CE99A /* SettingsViewModel.swift */,
				0D55C54F2C224907002CE99A /* LinkFormViewModel.swift */,
				0D55C55C2C22FDFE002CE99A /* CollectionFormViewModel.swift */,
				0D55C5682C2312E7002CE99A /* LinksViewModel.swift */,
				0D55C58B2C23A9CD002CE99A /* LinksFilteredViewModel.swift */,
				0D083CA02C2663B200F0EB3B /* ReaderViewModel.swift */,
				0D083CAC2C27291800F0EB3B /* PdfViewerViewModel.swift */,
				0D083CBA2C2758A900F0EB3B /* ImageViewerViewModel.swift */,
			);
			path = ViewModels;
			sourceTree = "<group>";
		};
		0D55C5212C21F1B8002CE99A /* Providers */ = {
			isa = PBXGroup;
			children = (
				0D55C5222C21F1CE002CE99A /* ApiClientProvider.swift */,
				0D55C5482C2241DF002CE99A /* CollectionsProvider.swift */,
				0D55C54A2C22423C002CE99A /* TagsProvider.swift */,
				0D55C58D2C23AFF5002CE99A /* LinkManagerProvider.swift */,
				0D083C972C264E9800F0EB3B /* ToastProvider.swift */,
			);
			path = Providers;
			sourceTree = "<group>";
		};
		0D55C5362C220E2C002CE99A /* Extensions */ = {
			isa = PBXGroup;
			children = (
				0D55C5372C220E40002CE99A /* UIApplicationExtension.swift */,
				0D55C53E2C221144002CE99A /* UserDefaultsExtension.swift */,
				0D55C5572C22674F002CE99A /* ArrayExtension.swift */,
				0D55C5602C230439002CE99A /* ColorExtension.swift */,
				0D083CC02C2A31BA00F0EB3B /* PDFDocumentExtension.swift */,
			);
			path = Extensions;
			sourceTree = "<group>";
		};
		0D55C54C2C2248D6002CE99A /* LinkForm */ = {
			isa = PBXGroup;
			children = (
				0D55C54D2C2248E7002CE99A /* LinkFormView.swift */,
				0D55C5512C224F07002CE99A /* TagsPickerView.swift */,
			);
			path = LinkForm;
			sourceTree = "<group>";
		};
		0D55C5592C22FDDA002CE99A /* CollectionForm */ = {
			isa = PBXGroup;
			children = (
				0D55C55A2C22FDE6002CE99A /* CollectionFormView.swift */,
			);
			path = CollectionForm;
			sourceTree = "<group>";
		};
		0D55C5622C231131002CE99A /* Links */ = {
			isa = PBXGroup;
			children = (
				0D55C5632C231142002CE99A /* LinksView.swift */,
				0D55C5872C23A67A002CE99A /* LinksFilteredView.swift */,
			);
			path = Links;
			sourceTree = "<group>";
		};
		0D55C5652C231184002CE99A /* Components */ = {
			isa = PBXGroup;
			children = (
				0DEA27C22C320D7E00F1802F /* macOS */,
				0DEA27C12C320D7200F1802F /* iOS */,
			);
			path = Components;
			sourceTree = "<group>";
		};
		0D55C56B2C2314E2002CE99A /* Collections */ = {
			isa = PBXGroup;
			children = (
				0D55C56C2C2314EB002CE99A /* CollectionsView.swift */,
			);
			path = Collections;
			sourceTree = "<group>";
		};
		0D55C5802C23A0F8002CE99A /* Tags */ = {
			isa = PBXGroup;
			children = (
				0D55C5822C23A117002CE99A /* TagsView.swift */,
			);
			path = Tags;
			sourceTree = "<group>";
		};
		0DEA279F2C31E3FD00F1802F /* iOS */ = {
			isa = PBXGroup;
			children = (
				0D083CB62C27586400F0EB3B /* ContentViewers */,
				0D55C5802C23A0F8002CE99A /* Tags */,
				0D55C56B2C2314E2002CE99A /* Collections */,
				0D55C5622C231131002CE99A /* Links */,
				0D55C5592C22FDDA002CE99A /* CollectionForm */,
				0D55C54C2C2248D6002CE99A /* LinkForm */,
				0D55C50D2C21AE20002CE99A /* Onboarding */,
				0D55C5032C21A08C002CE99A /* Settings */,
				0D55C5002C21A03F002CE99A /* Dashboard */,
				0D55C4ED2C219E13002CE99A /* RootView.swift */,
			);
			path = iOS;
			sourceTree = "<group>";
		};
		0DEA27A02C31E41900F1802F /* macOS */ = {
			isa = PBXGroup;
			children = (
				0DEA27CD2C32EA8600F1802F /* Settings */,
				0DEA27BD2C31F87C00F1802F /* CollectionForm */,
				0DEA27B72C31F52D00F1802F /* LinkForm */,
				0DEA27B42C31F20700F1802F /* Collections */,
				0DEA27B12C31F1ED00F1802F /* Links */,
				0DEA27AC2C31ED6600F1802F /* Dashboard */,
				0DEA27A32C31E4DF00F1802F /* Onboarding */,
				0DEA27AF2C31EDDA00F1802F /* Sidebar.swift */,
				0DEA27A12C31E44800F1802F /* RootView.swift */,
			);
			path = macOS;
			sourceTree = "<group>";
		};
		0DEA27A32C31E4DF00F1802F /* Onboarding */ = {
			isa = PBXGroup;
			children = (
				0DEA27AA2C31E53400F1802F /* ConnectionForm.swift */,
				0DEA27D22C32F45400F1802F /* TokenInstructions.swift */,
			);
			path = Onboarding;
			sourceTree = "<group>";
		};
		0DEA27AC2C31ED6600F1802F /* Dashboard */ = {
			isa = PBXGroup;
			children = (
				0DEA27AD2C31ED7900F1802F /* DashboardView.swift */,
			);
			path = Dashboard;
			sourceTree = "<group>";
		};
		0DEA27B12C31F1ED00F1802F /* Links */ = {
			isa = PBXGroup;
			children = (
				0DEA27B22C31F1FD00F1802F /* LinksFiltered.swift */,
				0DEA27C52C32118B00F1802F /* LinksView.swift */,
			);
			path = Links;
			sourceTree = "<group>";
		};
		0DEA27B42C31F20700F1802F /* Collections */ = {
			isa = PBXGroup;
			children = (
				0DEA27B52C31F21100F1802F /* CollectionsView.swift */,
			);
			path = Collections;
			sourceTree = "<group>";
		};
		0DEA27B72C31F52D00F1802F /* LinkForm */ = {
			isa = PBXGroup;
			children = (
				0DEA27B92C31F54700F1802F /* LinkFormView.swift */,
				0DEA27BB2C31F55F00F1802F /* TagsPickerView.swift */,
			);
			path = LinkForm;
			sourceTree = "<group>";
		};
		0DEA27BD2C31F87C00F1802F /* CollectionForm */ = {
			isa = PBXGroup;
			children = (
				0DEA27BF2C31F89100F1802F /* CollectionFormView.swift */,
			);
			path = CollectionForm;
			sourceTree = "<group>";
		};
		0DEA27C12C320D7200F1802F /* iOS */ = {
			isa = PBXGroup;
			children = (
				0D55C5662C231199002CE99A /* LinkItem.swift */,
				0D55C5732C2315F0002CE99A /* CollectionItem.swift */,
				0D55C5842C23A1F1002CE99A /* TagItem.swift */,
				0D083C802C25E9F300F0EB3B /* SquareIcon.swift */,
				0D083C822C25EAD300F0EB3B /* ListRowWithIconEntry.swift */,
				0D083CB12C27366700F0EB3B /* PdfViewer.swift */,
				0D083CB32C27368C00F0EB3B /* DocumentPicker.swift */,
				0D083CBE2C27648700F0EB3B /* ImageViewer.swift */,
			);
			path = iOS;
			sourceTree = "<group>";
		};
		0DEA27C22C320D7E00F1802F /* macOS */ = {
			isa = PBXGroup;
			children = (
				0DEA27C32C320D9A00F1802F /* LinkItem.swift */,
				0DEA27C72C32133800F1802F /* CollectionItem.swift */,
				0DEA27D02C32EC8A00F1802F /* ListRowWithIconEntry.swift */,
			);
			path = macOS;
			sourceTree = "<group>";
		};
		0DEA27CD2C32EA8600F1802F /* Settings */ = {
			isa = PBXGroup;
			children = (
				0DEA27CE2C32EA9000F1802F /* SettingsView.swift */,
			);
			path = Settings;
			sourceTree = "<group>";
		};
		0DEA27D42C32FC6500F1802F /* MenuBar */ = {
			isa = PBXGroup;
			children = (
				0DEA27D52C32FC7100F1802F /* AppDelegate.swift */,
				0DEA27D72C32FC8700F1802F /* PopoverView.swift */,
				0DEA27D92C32FCAC00F1802F /* StatusBarController.swift */,
				0DEA27DB2C32FE0000F1802F /* MenuBarFormViewModel.swift */,
			);
			path = MenuBar;
			sourceTree = "<group>";
		};
/* End PBXGroup section */

/* Begin PBXNativeTarget section */
		0D55C4E22C219E13002CE99A /* MyLinks */ = {
			isa = PBXNativeTarget;
			buildConfigurationList = 0D55C4F72C219E14002CE99A /* Build configuration list for PBXNativeTarget "MyLinks" */;
			buildPhases = (
				0D55C4DF2C219E13002CE99A /* Sources */,
				0D55C4E02C219E13002CE99A /* Frameworks */,
				0D55C4E12C219E13002CE99A /* Resources */,
			);
			buildRules = (
			);
			dependencies = (
			);
			name = MyLinks;
			packageProductDependencies = (
				0D55C57E2C23904A002CE99A /* CustomAlert */,
				0D083C952C264E8300F0EB3B /* AlertToast */,
				0D083CA72C26804100F0EB3B /* RichText */,
				0DEA27E52C33325900F1802F /* SentrySwiftUI */,
			);
			productName = MyLinks;
			productReference = 0D55C4E32C219E13002CE99A /* MyLinks.app */;
			productType = "com.apple.product-type.application";
		};
/* End PBXNativeTarget section */

/* Begin PBXProject section */
		0D55C4DB2C219E12002CE99A /* Project object */ = {
			isa = PBXProject;
			attributes = {
				BuildIndependentTargetsInParallel = 1;
				LastSwiftUpdateCheck = 1540;
				LastUpgradeCheck = 1540;
				TargetAttributes = {
					0D55C4E22C219E13002CE99A = {
						CreatedOnToolsVersion = 15.4;
					};
				};
			};
			buildConfigurationList = 0D55C4DE2C219E12002CE99A /* Build configuration list for PBXProject "MyLinks" */;
			compatibilityVersion = "Xcode 14.0";
			developmentRegion = en;
			hasScannedForEncodings = 0;
			knownRegions = (
				en,
				Base,
				es,
			);
			mainGroup = 0D55C4DA2C219E12002CE99A;
			packageReferences = (
				0D55C57D2C23904A002CE99A /* XCRemoteSwiftPackageReference "CustomAlert" */,
				0D083C942C264E8300F0EB3B /* XCRemoteSwiftPackageReference "AlertToast" */,
				0D083CA62C26804100F0EB3B /* XCRemoteSwiftPackageReference "RichText" */,
				0DEA27E42C33325900F1802F /* XCRemoteSwiftPackageReference "sentry-cocoa" */,
			);
			productRefGroup = 0D55C4E42C219E13002CE99A /* Products */;
			projectDirPath = "";
			projectRoot = "";
			targets = (
				0D55C4E22C219E13002CE99A /* MyLinks */,
			);
		};
/* End PBXProject section */

/* Begin PBXResourcesBuildPhase section */
		0D55C4E12C219E13002CE99A /* Resources */ = {
			isa = PBXResourcesBuildPhase;
			buildActionMask = 2147483647;
			files = (
				0DEA27E02C332FA200F1802F /* Info.plist in Resources */,
				0D55C4F42C219E14002CE99A /* Preview Assets.xcassets in Resources */,
				0D55C4F02C219E14002CE99A /* Assets.xcassets in Resources */,
				0D55C57A2C236C72002CE99A /* Localizable.xcstrings in Resources */,
			);
			runOnlyForDeploymentPostprocessing = 0;
		};
/* End PBXResourcesBuildPhase section */

/* Begin PBXSourcesBuildPhase section */
		0D55C4DF2C219E13002CE99A /* Sources */ = {
			isa = PBXSourcesBuildPhase;
			buildActionMask = 2147483647;
			files = (
				0DEA27D62C32FC7100F1802F /* AppDelegate.swift in Sources */,
				0D55C5742C2315F0002CE99A /* CollectionItem.swift in Sources */,
				0D55C5452C221215002CE99A /* ColorScheme.swift in Sources */,
				0D55C51E2C21E6DC002CE99A /* Regexps.swift in Sources */,
				0D55C5672C231199002CE99A /* LinkItem.swift in Sources */,
				0D55C53D2C221130002CE99A /* StorageKeys.swift in Sources */,
				0DEA27CF2C32EA9000F1802F /* SettingsView.swift in Sources */,
				0D55C53F2C221144002CE99A /* UserDefaultsExtension.swift in Sources */,
				0D083CB42C27368C00F0EB3B /* DocumentPicker.swift in Sources */,
				0DEA27AE2C31ED7900F1802F /* DashboardView.swift in Sources */,
				0D55C5542C225768002CE99A /* LinkCreationRequest.swift in Sources */,
				0D55C5352C220A3A002CE99A /* SafariView.swift in Sources */,
				0DEA27C62C32118B00F1802F /* LinksView.swift in Sources */,
				0DEA27DA2C32FCAC00F1802F /* StatusBarController.swift in Sources */,
				0DEA27B02C31EDDA00F1802F /* Sidebar.swift in Sources */,
				0D55C5052C21A094002CE99A /* SettingsView.swift in Sources */,
				0DEA27D32C32F45400F1802F /* TokenInstructions.swift in Sources */,
				0D55C58A2C23A6C1002CE99A /* LinksFilteredRequest.swift in Sources */,
				0DEA27C82C32133800F1802F /* CollectionItem.swift in Sources */,
				0D083CC12C2A31BA00F0EB3B /* PDFDocumentExtension.swift in Sources */,
				0D55C5292C21FBEA002CE99A /* Tags.swift in Sources */,
				0D083CAD2C27291800F0EB3B /* PdfViewerViewModel.swift in Sources */,
				0DEA27C02C31F89100F1802F /* CollectionFormView.swift in Sources */,
				0D083CBF2C27648700F0EB3B /* ImageViewer.swift in Sources */,
				0D55C4EC2C219E13002CE99A /* MyLinks.xcdatamodeld in Sources */,
				0D55C5472C22140D002CE99A /* ServerInstances.swift in Sources */,
				0D55C54B2C22423C002CE99A /* TagsProvider.swift in Sources */,
				0D083CB92C27588700F0EB3B /* ImageViewerView.swift in Sources */,
				0D55C55D2C22FDFE002CE99A /* CollectionFormViewModel.swift in Sources */,
				0D083CBB2C2758A900F0EB3B /* ImageViewerViewModel.swift in Sources */,
				0D55C5022C21A053002CE99A /* DashboardView.swift in Sources */,
				0D55C5502C224907002CE99A /* LinkFormViewModel.swift in Sources */,
				0D083CA32C26642D00F0EB3B /* ReaderResponse.swift in Sources */,
				0D55C51A2C21B689002CE99A /* OnboardingViewModel.swift in Sources */,
				0D55C5412C221171002CE99A /* Urls.swift in Sources */,
				0D55C55F2C230369002CE99A /* CollectionCreationRequest.swift in Sources */,
				0D55C5162C21B45F002CE99A /* ServerSelection.swift in Sources */,
				0D55C51C2C21BBE9002CE99A /* Enums.swift in Sources */,
				0DEA27D82C32FC8700F1802F /* PopoverView.swift in Sources */,
				0D55C5582C22674F002CE99A /* ArrayExtension.swift in Sources */,
				0D55C4E72C219E13002CE99A /* MyLinksApp.swift in Sources */,
				0D55C5522C224F07002CE99A /* TagsPickerView.swift in Sources */,
				0D083CC52C2DEEBB00F0EB3B /* TokenInstructions.swift in Sources */,
				0D55C5642C231142002CE99A /* LinksView.swift in Sources */,
				0D083C832C25EAD300F0EB3B /* ListRowWithIconEntry.swift in Sources */,
				0D083C982C264E9800F0EB3B /* ToastProvider.swift in Sources */,
				0D55C5182C21B472002CE99A /* ConnectionForm.swift in Sources */,
				0DEA27B32C31F1FD00F1802F /* LinksFiltered.swift in Sources */,
				0DEA27AB2C31E53400F1802F /* ConnectionForm.swift in Sources */,
				0D55C50A2C21ACAB002CE99A /* Links.swift in Sources */,
				0D55C54E2C2248E7002CE99A /* LinkFormView.swift in Sources */,
				0D083C9F2C26639800F0EB3B /* ReaderView.swift in Sources */,
				0DEA27BA2C31F54700F1802F /* LinkFormView.swift in Sources */,
				0D55C5232C21F1CE002CE99A /* ApiClientProvider.swift in Sources */,
				0DEA27E82C33360C00F1802F /* WindowIds.swift in Sources */,
				0D55C5692C2312E7002CE99A /* LinksViewModel.swift in Sources */,
				0D55C5832C23A117002CE99A /* TagsView.swift in Sources */,
				0D55C5252C21F8D2002CE99A /* DashboardViewModel.swift in Sources */,
				0DEA27C42C320D9A00F1802F /* LinkItem.swift in Sources */,
				0D55C5272C21FA6E002CE99A /* Collections.swift in Sources */,
				0D55C4FF2C219F38002CE99A /* Config.swift in Sources */,
				0D55C5142C21B420002CE99A /* Welcome.swift in Sources */,
				0D55C4EE2C219E13002CE99A /* RootView.swift in Sources */,
				0DEA27A22C31E44800F1802F /* RootView.swift in Sources */,
				0D55C5072C21AC0C002CE99A /* ApiClient.swift in Sources */,
				0D083C812C25E9F300F0EB3B /* SquareIcon.swift in Sources */,
				0D55C5432C2211FC002CE99A /* ReviewApp.swift in Sources */,
				0DEA27B62C31F21100F1802F /* CollectionsView.swift in Sources */,
				0D083CB02C272A1300F0EB3B /* PdfViewerView.swift in Sources */,
				0D55C5562C225F3F002CE99A /* JsonEncoder.swift in Sources */,
				0D55C56D2C2314EB002CE99A /* CollectionsView.swift in Sources */,
				0D55C50C2C21AD86002CE99A /* StatusResponse.swift in Sources */,
				0D55C5882C23A67A002CE99A /* LinksFilteredView.swift in Sources */,
				0D083CB22C27366700F0EB3B /* PdfViewer.swift in Sources */,
				0D55C52D2C220598002CE99A /* Date.swift in Sources */,
				0D55C4E92C219E13002CE99A /* Persistence.swift in Sources */,
				0D55C58E2C23AFF5002CE99A /* LinkManagerProvider.swift in Sources */,
				0DEA27D12C32EC8A00F1802F /* ListRowWithIconEntry.swift in Sources */,
				0DEA27DC2C32FE0000F1802F /* MenuBarFormViewModel.swift in Sources */,
				0D55C50F2C21AE31002CE99A /* OnboardingView.swift in Sources */,
				0D55C5202C21EABF002CE99A /* ServerUrl.swift in Sources */,
				0D083C9A2C26595400F0EB3B /* Dates.swift in Sources */,
				0D55C58C2C23A9CD002CE99A /* LinksFilteredViewModel.swift in Sources */,
				0DEA27BC2C31F55F00F1802F /* TagsPickerView.swift in Sources */,
				0D55C5852C23A1F1002CE99A /* TagItem.swift in Sources */,
				0D55C5612C230439002CE99A /* ColorExtension.swift in Sources */,
				0D55C5382C220E40002CE99A /* UIApplicationExtension.swift in Sources */,
				0D55C52B2C22012E002CE99A /* GetUrlHost.swift in Sources */,
				0D083CA12C2663B200F0EB3B /* ReaderViewModel.swift in Sources */,
				0D55C5492C2241DF002CE99A /* CollectionsProvider.swift in Sources */,
				0D55C55B2C22FDE6002CE99A /* CollectionFormView.swift in Sources */,
				0D55C53B2C221106002CE99A /* SettingsViewModel.swift in Sources */,
			);
			runOnlyForDeploymentPostprocessing = 0;
		};
/* End PBXSourcesBuildPhase section */

/* Begin XCBuildConfiguration section */
		0D55C4F52C219E14002CE99A /* Debug */ = {
			isa = XCBuildConfiguration;
			buildSettings = {
				ALWAYS_SEARCH_USER_PATHS = NO;
				ASSETCATALOG_COMPILER_GENERATE_SWIFT_ASSET_SYMBOL_EXTENSIONS = YES;
				CLANG_ANALYZER_NONNULL = YES;
				CLANG_ANALYZER_NUMBER_OBJECT_CONVERSION = YES_AGGRESSIVE;
				CLANG_CXX_LANGUAGE_STANDARD = "gnu++20";
				CLANG_ENABLE_MODULES = YES;
				CLANG_ENABLE_OBJC_ARC = YES;
				CLANG_ENABLE_OBJC_WEAK = YES;
				CLANG_WARN_BLOCK_CAPTURE_AUTORELEASING = YES;
				CLANG_WARN_BOOL_CONVERSION = YES;
				CLANG_WARN_COMMA = YES;
				CLANG_WARN_CONSTANT_CONVERSION = YES;
				CLANG_WARN_DEPRECATED_OBJC_IMPLEMENTATIONS = YES;
				CLANG_WARN_DIRECT_OBJC_ISA_USAGE = YES_ERROR;
				CLANG_WARN_DOCUMENTATION_COMMENTS = YES;
				CLANG_WARN_EMPTY_BODY = YES;
				CLANG_WARN_ENUM_CONVERSION = YES;
				CLANG_WARN_INFINITE_RECURSION = YES;
				CLANG_WARN_INT_CONVERSION = YES;
				CLANG_WARN_NON_LITERAL_NULL_CONVERSION = YES;
				CLANG_WARN_OBJC_IMPLICIT_RETAIN_SELF = YES;
				CLANG_WARN_OBJC_LITERAL_CONVERSION = YES;
				CLANG_WARN_OBJC_ROOT_CLASS = YES_ERROR;
				CLANG_WARN_QUOTED_INCLUDE_IN_FRAMEWORK_HEADER = YES;
				CLANG_WARN_RANGE_LOOP_ANALYSIS = YES;
				CLANG_WARN_STRICT_PROTOTYPES = YES;
				CLANG_WARN_SUSPICIOUS_MOVE = YES;
				CLANG_WARN_UNGUARDED_AVAILABILITY = YES_AGGRESSIVE;
				CLANG_WARN_UNREACHABLE_CODE = YES;
				CLANG_WARN__DUPLICATE_METHOD_MATCH = YES;
				COPY_PHASE_STRIP = NO;
				DEBUG_INFORMATION_FORMAT = dwarf;
				ENABLE_STRICT_OBJC_MSGSEND = YES;
				ENABLE_TESTABILITY = YES;
				ENABLE_USER_SCRIPT_SANDBOXING = YES;
				GCC_C_LANGUAGE_STANDARD = gnu17;
				GCC_DYNAMIC_NO_PIC = NO;
				GCC_NO_COMMON_BLOCKS = YES;
				GCC_OPTIMIZATION_LEVEL = 0;
				GCC_PREPROCESSOR_DEFINITIONS = (
					"DEBUG=1",
					"$(inherited)",
				);
				GCC_WARN_64_TO_32_BIT_CONVERSION = YES;
				GCC_WARN_ABOUT_RETURN_TYPE = YES_ERROR;
				GCC_WARN_UNDECLARED_SELECTOR = YES;
				GCC_WARN_UNINITIALIZED_AUTOS = YES_AGGRESSIVE;
				GCC_WARN_UNUSED_FUNCTION = YES;
				GCC_WARN_UNUSED_VARIABLE = YES;
				LOCALIZATION_PREFERS_STRING_CATALOGS = YES;
				MTL_ENABLE_DEBUG_INFO = INCLUDE_SOURCE;
				MTL_FAST_MATH = YES;
				ONLY_ACTIVE_ARCH = YES;
				SWIFT_ACTIVE_COMPILATION_CONDITIONS = "DEBUG $(inherited)";
				SWIFT_OPTIMIZATION_LEVEL = "-Onone";
			};
			name = Debug;
		};
		0D55C4F62C219E14002CE99A /* Release */ = {
			isa = XCBuildConfiguration;
			buildSettings = {
				ALWAYS_SEARCH_USER_PATHS = NO;
				ASSETCATALOG_COMPILER_GENERATE_SWIFT_ASSET_SYMBOL_EXTENSIONS = YES;
				CLANG_ANALYZER_NONNULL = YES;
				CLANG_ANALYZER_NUMBER_OBJECT_CONVERSION = YES_AGGRESSIVE;
				CLANG_CXX_LANGUAGE_STANDARD = "gnu++20";
				CLANG_ENABLE_MODULES = YES;
				CLANG_ENABLE_OBJC_ARC = YES;
				CLANG_ENABLE_OBJC_WEAK = YES;
				CLANG_WARN_BLOCK_CAPTURE_AUTORELEASING = YES;
				CLANG_WARN_BOOL_CONVERSION = YES;
				CLANG_WARN_COMMA = YES;
				CLANG_WARN_CONSTANT_CONVERSION = YES;
				CLANG_WARN_DEPRECATED_OBJC_IMPLEMENTATIONS = YES;
				CLANG_WARN_DIRECT_OBJC_ISA_USAGE = YES_ERROR;
				CLANG_WARN_DOCUMENTATION_COMMENTS = YES;
				CLANG_WARN_EMPTY_BODY = YES;
				CLANG_WARN_ENUM_CONVERSION = YES;
				CLANG_WARN_INFINITE_RECURSION = YES;
				CLANG_WARN_INT_CONVERSION = YES;
				CLANG_WARN_NON_LITERAL_NULL_CONVERSION = YES;
				CLANG_WARN_OBJC_IMPLICIT_RETAIN_SELF = YES;
				CLANG_WARN_OBJC_LITERAL_CONVERSION = YES;
				CLANG_WARN_OBJC_ROOT_CLASS = YES_ERROR;
				CLANG_WARN_QUOTED_INCLUDE_IN_FRAMEWORK_HEADER = YES;
				CLANG_WARN_RANGE_LOOP_ANALYSIS = YES;
				CLANG_WARN_STRICT_PROTOTYPES = YES;
				CLANG_WARN_SUSPICIOUS_MOVE = YES;
				CLANG_WARN_UNGUARDED_AVAILABILITY = YES_AGGRESSIVE;
				CLANG_WARN_UNREACHABLE_CODE = YES;
				CLANG_WARN__DUPLICATE_METHOD_MATCH = YES;
				COPY_PHASE_STRIP = NO;
				DEBUG_INFORMATION_FORMAT = "dwarf-with-dsym";
				ENABLE_NS_ASSERTIONS = NO;
				ENABLE_STRICT_OBJC_MSGSEND = YES;
				ENABLE_USER_SCRIPT_SANDBOXING = YES;
				GCC_C_LANGUAGE_STANDARD = gnu17;
				GCC_NO_COMMON_BLOCKS = YES;
				GCC_WARN_64_TO_32_BIT_CONVERSION = YES;
				GCC_WARN_ABOUT_RETURN_TYPE = YES_ERROR;
				GCC_WARN_UNDECLARED_SELECTOR = YES;
				GCC_WARN_UNINITIALIZED_AUTOS = YES_AGGRESSIVE;
				GCC_WARN_UNUSED_FUNCTION = YES;
				GCC_WARN_UNUSED_VARIABLE = YES;
				LOCALIZATION_PREFERS_STRING_CATALOGS = YES;
				MTL_ENABLE_DEBUG_INFO = NO;
				MTL_FAST_MATH = YES;
				SWIFT_COMPILATION_MODE = wholemodule;
			};
			name = Release;
		};
		0D55C4F82C219E14002CE99A /* Debug */ = {
			isa = XCBuildConfiguration;
			buildSettings = {
				ASSETCATALOG_COMPILER_APPICON_NAME = AppIcon;
				ASSETCATALOG_COMPILER_GLOBAL_ACCENT_COLOR_NAME = AccentColor;
				CODE_SIGN_ENTITLEMENTS = MyLinks/MyLinks.entitlements;
				CODE_SIGN_STYLE = Automatic;
				CURRENT_PROJECT_VERSION = 14;
				DEVELOPMENT_ASSET_PATHS = "\"MyLinks/Preview Content\"";
				DEVELOPMENT_TEAM = 38Z3B9TJTR;
				ENABLE_HARDENED_RUNTIME = YES;
				ENABLE_PREVIEWS = YES;
				GENERATE_INFOPLIST_FILE = YES;
				INFOPLIST_KEY_CFBundleDisplayName = MyLinks;
				INFOPLIST_KEY_LSApplicationCategoryType = "public.app-category.utilities";
				"INFOPLIST_KEY_UIApplicationSceneManifest_Generation[sdk=iphoneos*]" = YES;
				"INFOPLIST_KEY_UIApplicationSceneManifest_Generation[sdk=iphonesimulator*]" = YES;
				"INFOPLIST_KEY_UIApplicationSupportsIndirectInputEvents[sdk=iphoneos*]" = YES;
				"INFOPLIST_KEY_UIApplicationSupportsIndirectInputEvents[sdk=iphonesimulator*]" = YES;
				"INFOPLIST_KEY_UILaunchScreen_Generation[sdk=iphoneos*]" = YES;
				"INFOPLIST_KEY_UILaunchScreen_Generation[sdk=iphonesimulator*]" = YES;
				"INFOPLIST_KEY_UIStatusBarStyle[sdk=iphoneos*]" = UIStatusBarStyleDefault;
				"INFOPLIST_KEY_UIStatusBarStyle[sdk=iphonesimulator*]" = UIStatusBarStyleDefault;
				INFOPLIST_KEY_UISupportedInterfaceOrientations_iPad = "UIInterfaceOrientationPortrait UIInterfaceOrientationPortraitUpsideDown UIInterfaceOrientationLandscapeLeft UIInterfaceOrientationLandscapeRight";
				INFOPLIST_KEY_UISupportedInterfaceOrientations_iPhone = "UIInterfaceOrientationPortrait UIInterfaceOrientationLandscapeLeft UIInterfaceOrientationLandscapeRight";
				IPHONEOS_DEPLOYMENT_TARGET = 17.0;
				LD_RUNPATH_SEARCH_PATHS = "@executable_path/Frameworks";
				"LD_RUNPATH_SEARCH_PATHS[sdk=macosx*]" = "@executable_path/../Frameworks";
				MACOSX_DEPLOYMENT_TARGET = 14.0;
				MARKETING_VERSION = 0.9.0;
				PRODUCT_BUNDLE_IDENTIFIER = com.jgeek00.MyLinks;
				PRODUCT_NAME = "$(TARGET_NAME)";
				SDKROOT = auto;
				SUPPORTED_PLATFORMS = "iphoneos iphonesimulator macosx";
				SWIFT_EMIT_LOC_STRINGS = YES;
				SWIFT_VERSION = 5.0;
				TARGETED_DEVICE_FAMILY = "1,2";
			};
			name = Debug;
		};
		0D55C4F92C219E14002CE99A /* Release */ = {
			isa = XCBuildConfiguration;
			buildSettings = {
				ASSETCATALOG_COMPILER_APPICON_NAME = AppIcon;
				ASSETCATALOG_COMPILER_GLOBAL_ACCENT_COLOR_NAME = AccentColor;
				CODE_SIGN_ENTITLEMENTS = MyLinks/MyLinks.entitlements;
				CODE_SIGN_STYLE = Automatic;
				CURRENT_PROJECT_VERSION = 14;
				DEVELOPMENT_ASSET_PATHS = "\"MyLinks/Preview Content\"";
				DEVELOPMENT_TEAM = 38Z3B9TJTR;
				ENABLE_HARDENED_RUNTIME = YES;
				ENABLE_PREVIEWS = YES;
				GENERATE_INFOPLIST_FILE = YES;
				INFOPLIST_KEY_CFBundleDisplayName = MyLinks;
				INFOPLIST_KEY_LSApplicationCategoryType = "public.app-category.utilities";
				"INFOPLIST_KEY_UIApplicationSceneManifest_Generation[sdk=iphoneos*]" = YES;
				"INFOPLIST_KEY_UIApplicationSceneManifest_Generation[sdk=iphonesimulator*]" = YES;
				"INFOPLIST_KEY_UIApplicationSupportsIndirectInputEvents[sdk=iphoneos*]" = YES;
				"INFOPLIST_KEY_UIApplicationSupportsIndirectInputEvents[sdk=iphonesimulator*]" = YES;
				"INFOPLIST_KEY_UILaunchScreen_Generation[sdk=iphoneos*]" = YES;
				"INFOPLIST_KEY_UILaunchScreen_Generation[sdk=iphonesimulator*]" = YES;
				"INFOPLIST_KEY_UIStatusBarStyle[sdk=iphoneos*]" = UIStatusBarStyleDefault;
				"INFOPLIST_KEY_UIStatusBarStyle[sdk=iphonesimulator*]" = UIStatusBarStyleDefault;
				INFOPLIST_KEY_UISupportedInterfaceOrientations_iPad = "UIInterfaceOrientationPortrait UIInterfaceOrientationPortraitUpsideDown UIInterfaceOrientationLandscapeLeft UIInterfaceOrientationLandscapeRight";
				INFOPLIST_KEY_UISupportedInterfaceOrientations_iPhone = "UIInterfaceOrientationPortrait UIInterfaceOrientationLandscapeLeft UIInterfaceOrientationLandscapeRight";
				IPHONEOS_DEPLOYMENT_TARGET = 17.0;
				LD_RUNPATH_SEARCH_PATHS = "@executable_path/Frameworks";
				"LD_RUNPATH_SEARCH_PATHS[sdk=macosx*]" = "@executable_path/../Frameworks";
				MACOSX_DEPLOYMENT_TARGET = 14.0;
				MARKETING_VERSION = 0.9.0;
				PRODUCT_BUNDLE_IDENTIFIER = com.jgeek00.MyLinks;
				PRODUCT_NAME = "$(TARGET_NAME)";
				SDKROOT = auto;
				SUPPORTED_PLATFORMS = "iphoneos iphonesimulator macosx";
				SWIFT_ACTIVE_COMPILATION_CONDITIONS = RELEASE;
				SWIFT_EMIT_LOC_STRINGS = YES;
				SWIFT_VERSION = 5.0;
				TARGETED_DEVICE_FAMILY = "1,2";
			};
			name = Release;
		};
/* End XCBuildConfiguration section */

/* Begin XCConfigurationList section */
		0D55C4DE2C219E12002CE99A /* Build configuration list for PBXProject "MyLinks" */ = {
			isa = XCConfigurationList;
			buildConfigurations = (
				0D55C4F52C219E14002CE99A /* Debug */,
				0D55C4F62C219E14002CE99A /* Release */,
			);
			defaultConfigurationIsVisible = 0;
			defaultConfigurationName = Release;
		};
		0D55C4F72C219E14002CE99A /* Build configuration list for PBXNativeTarget "MyLinks" */ = {
			isa = XCConfigurationList;
			buildConfigurations = (
				0D55C4F82C219E14002CE99A /* Debug */,
				0D55C4F92C219E14002CE99A /* Release */,
			);
			defaultConfigurationIsVisible = 0;
			defaultConfigurationName = Release;
		};
/* End XCConfigurationList section */

/* Begin XCRemoteSwiftPackageReference section */
		0D083C942C264E8300F0EB3B /* XCRemoteSwiftPackageReference "AlertToast" */ = {
			isa = XCRemoteSwiftPackageReference;
			repositoryURL = "https://github.com/elai950/AlertToast.git";
			requirement = {
				kind = upToNextMajorVersion;
				minimumVersion = 1.3.9;
			};
		};
		0D083CA62C26804100F0EB3B /* XCRemoteSwiftPackageReference "RichText" */ = {
			isa = XCRemoteSwiftPackageReference;
			repositoryURL = "https://github.com/NuPlay/RichText.git";
			requirement = {
				kind = upToNextMajorVersion;
				minimumVersion = 2.4.1;
			};
		};
		0D55C57D2C23904A002CE99A /* XCRemoteSwiftPackageReference "CustomAlert" */ = {
			isa = XCRemoteSwiftPackageReference;
			repositoryURL = "https://github.com/divadretlaw/CustomAlert.git";
			requirement = {
				kind = upToNextMajorVersion;
				minimumVersion = 3.6.1;
			};
		};
		0DEA27E42C33325900F1802F /* XCRemoteSwiftPackageReference "sentry-cocoa" */ = {
			isa = XCRemoteSwiftPackageReference;
			repositoryURL = "https://github.com/getsentry/sentry-cocoa.git";
			requirement = {
				kind = upToNextMajorVersion;
				minimumVersion = 8.30.0;
			};
		};
/* End XCRemoteSwiftPackageReference section */

/* Begin XCSwiftPackageProductDependency section */
		0D083C952C264E8300F0EB3B /* AlertToast */ = {
			isa = XCSwiftPackageProductDependency;
			package = 0D083C942C264E8300F0EB3B /* XCRemoteSwiftPackageReference "AlertToast" */;
			productName = AlertToast;
		};
		0D083CA72C26804100F0EB3B /* RichText */ = {
			isa = XCSwiftPackageProductDependency;
			package = 0D083CA62C26804100F0EB3B /* XCRemoteSwiftPackageReference "RichText" */;
			productName = RichText;
		};
		0D55C57E2C23904A002CE99A /* CustomAlert */ = {
			isa = XCSwiftPackageProductDependency;
			package = 0D55C57D2C23904A002CE99A /* XCRemoteSwiftPackageReference "CustomAlert" */;
			productName = CustomAlert;
		};
		0DEA27E52C33325900F1802F /* SentrySwiftUI */ = {
			isa = XCSwiftPackageProductDependency;
			package = 0DEA27E42C33325900F1802F /* XCRemoteSwiftPackageReference "sentry-cocoa" */;
			productName = SentrySwiftUI;
		};
/* End XCSwiftPackageProductDependency section */

/* Begin XCVersionGroup section */
		0D55C4EA2C219E13002CE99A /* MyLinks.xcdatamodeld */ = {
			isa = XCVersionGroup;
			children = (
				0D55C4EB2C219E13002CE99A /* MyLinks.xcdatamodel */,
			);
			currentVersion = 0D55C4EB2C219E13002CE99A /* MyLinks.xcdatamodel */;
			path = MyLinks.xcdatamodeld;
			sourceTree = "<group>";
			versionGroupType = wrapper.xcdatamodel;
		};
/* End XCVersionGroup section */
	};
	rootObject = 0D55C4DB2C219E12002CE99A /* Project object */;
}
